
Microsoft Visual Studio Solution File, Format Version 12.00
# Visual Studio 15
VisualStudioVersion = 15.0.27428.2043
MinimumVisualStudioVersion = 10.0.40219.1
Project("{FAE04EC0-301F-11D3-BF4B-00C04F79EFBC}") = "RecKevinKeizoKASP", "RecKevinKeizoKASP\RecKevinKeizoKASP.csproj", "{45EB180B-F178-47C8-B80B-EA408627B267}"
EndProject
Global
	GlobalSection(SolutionConfigurationPlatforms) = preSolution
		Debug|Any CPU = Debug|Any CPU
		Release|Any CPU = Release|Any CPU
	EndGlobalSection
	GlobalSection(ProjectConfigurationPlatforms) = postSolution
		{45EB180B-F178-47C8-B80B-EA408627B267}.Debug|Any CPU.ActiveCfg = Debug|Any CPU
		{45EB180B-F178-47C8-B80B-EA408627B267}.Debug|Any CPU.Build.0 = Debug|Any CPU
		{45EB180B-F178-47C8-B80B-EA408627B267}.Release|Any CPU.ActiveCfg = Release|Any CPU
		{45EB180B-F178-47C8-B80B-EA408627B267}.Release|Any CPU.Build.0 = Release|Any CPU
	EndGlobalSection
	GlobalSection(SolutionProperties) = preSolution
		HideSolutionNode = FALSE
	EndGlobalSection
	GlobalSection(ExtensibilityGlobals) = postSolution
		SolutionGuid = {E108B763-816E-4E32-B984-558C78B4298E}
	EndGlobalSection
EndGlobal
